
Microsoft Visual Studio Solution File, Format Version 11.00
# Visual Studio 2010
Project("{FAE04EC0-301F-11D3-BF4B-00C04F79EFBC}") = "Lorei", "Lorei.csproj", "{484D3F70-465B-4F81-8CBF-4D06F8072BAC}"
EndProject
Global
	GlobalSection(SolutionConfigurationPlatforms) = preSolution
		Debug|Any CPU = Debug|Any CPU
		Release|Any CPU = Release|Any CPU
	EndGlobalSection
	GlobalSection(ProjectConfigurationPlatforms) = postSolution
		{484D3F70-465B-4F81-8CBF-4D06F8072BAC}.Debug|Any CPU.ActiveCfg = Debug|Any CPU
		{484D3F70-465B-4F81-8CBF-4D06F8072BAC}.Debug|Any CPU.Build.0 = Debug|Any CPU
		{484D3F70-465B-4F81-8CBF-4D06F8072BAC}.Release|Any CPU.ActiveCfg = Release|Any CPU
		{484D3F70-465B-4F81-8CBF-4D06F8072BAC}.Release|Any CPU.Build.0 = Release|Any CPU
	EndGlobalSection
	GlobalSection(SolutionProperties) = preSolution
		HideSolutionNode = FALSE
	EndGlobalSection
EndGlobal
